
Microsoft Visual Studio Solution File, Format Version 12.00
# Visual Studio Version 17
VisualStudioVersion = 17.4.33122.133
MinimumVisualStudioVersion = 10.0.40219.1
Project("{8BC9CEB8-8B4A-11D0-8D11-00A0C91BC942}") = "TCP_ECHO", "TCP_ECHO\TCP_ECHO.vcxproj", "{A084B5FB-1CA1-4F52-87D8-E49F190849F8}"
EndProject
Global
	GlobalSection(SolutionConfigurationPlatforms) = preSolution
		Debug|x64 = Debug|x64
		Debug|x86 = Debug|x86
		Release|x64 = Release|x64
		Release|x86 = Release|x86
	EndGlobalSection
	GlobalSection(ProjectConfigurationPlatforms) = postSolution
		{A084B5FB-1CA1-4F52-87D8-E49F190849F8}.Debug|x64.ActiveCfg = Debug|x64
		{A084B5FB-1CA1-4F52-87D8-E49F190849F8}.Debug|x64.Build.0 = Debug|x64
		{A084B5FB-1CA1-4F52-87D8-E49F190849F8}.Debug|x86.ActiveCfg = Debug|Win32
		{A084B5FB-1CA1-4F52-87D8-E49F190849F8}.Debug|x86.Build.0 = Debug|Win32
		{A084B5FB-1CA1-4F52-87D8-E49F190849F8}.Release|x64.ActiveCfg = Release|x64
		{A084B5FB-1CA1-4F52-87D8-E49F190849F8}.Release|x64.Build.0 = Release|x64
		{A084B5FB-1CA1-4F52-87D8-E49F190849F8}.Release|x86.ActiveCfg = Release|Win32
		{A084B5FB-1CA1-4F52-87D8-E49F190849F8}.Release|x86.Build.0 = Release|Win32
	EndGlobalSection
	GlobalSection(SolutionProperties) = preSolution
		HideSolutionNode = FALSE
	EndGlobalSection
	GlobalSection(ExtensibilityGlobals) = postSolution
		SolutionGuid = {2F58E0E9-CDE1-49BC-91F3-1C1FD5F9C1DB}
	EndGlobalSection
EndGlobal
